
Microsoft Visual Studio Solution File, Format Version 12.00
# Visual Studio Version 16
VisualStudioVersion = 16.0.34031.81
MinimumVisualStudioVersion = 10.0.40219.1
Project("{2150E333-8FDC-42A3-9474-1A3956D46DE8}") = "0 - Apresentação", "0 - Apresentação", "{BEE95691-EFF3-4A12-97E8-62B60B49DC73}"
EndProject
Project("{FAE04EC0-301F-11D3-BF4B-00C04F79EFBC}") = "AR.Apresentação", "AR.Apresentação\AR.Apresentação.csproj", "{9B670A88-7CF9-4673-80BC-73DAD2F7FC74}"
EndProject
Global
	GlobalSection(SolutionConfigurationPlatforms) = preSolution
		Debug|Any CPU = Debug|Any CPU
		Release|Any CPU = Release|Any CPU
	EndGlobalSection
	GlobalSection(ProjectConfigurationPlatforms) = postSolution
		{9B670A88-7CF9-4673-80BC-73DAD2F7FC74}.Debug|Any CPU.ActiveCfg = Debug|Any CPU
		{9B670A88-7CF9-4673-80BC-73DAD2F7FC74}.Debug|Any CPU.Build.0 = Debug|Any CPU
		{9B670A88-7CF9-4673-80BC-73DAD2F7FC74}.Release|Any CPU.ActiveCfg = Release|Any CPU
		{9B670A88-7CF9-4673-80BC-73DAD2F7FC74}.Release|Any CPU.Build.0 = Release|Any CPU
	EndGlobalSection
	GlobalSection(SolutionProperties) = preSolution
		HideSolutionNode = FALSE
	EndGlobalSection
	GlobalSection(NestedProjects) = preSolution
		{9B670A88-7CF9-4673-80BC-73DAD2F7FC74} = {BEE95691-EFF3-4A12-97E8-62B60B49DC73}
	EndGlobalSection
	GlobalSection(ExtensibilityGlobals) = postSolution
		SolutionGuid = {3FE7DD7D-F751-49E5-BF1A-8978576093EE}
	EndGlobalSection
EndGlobal
